# This file was autogenerated by Stack.
# You should not edit this file by hand.
# For more information, please see the documentation at:
#   https://docs.haskellstack.org/en/stable/lock_files

snapshots:
- original:
    url: https://raw.githubusercontent.com/commercialhaskell/stackage-snapshots/master/lts/18/18.yaml
  completed:
    sha256: 63539429076b7ebbab6daa7656cfb079393bf644971156dc349d7c0453694ac2
    url: https://raw.githubusercontent.com/commercialhaskell/stackage-snapshots/master/lts/18/18.yaml
    size: 586296
packages:
- original:
    hackage: amazonka-1.6.1@sha256:f58b63e83876f93aa03c54e54b3eb8ba9358af93819d41f4a5a8f8b7d8b8399c,3544
  completed:
    pantry-tree:
      sha256: d792656a70ee42df262a599bc6608bda069e33092d665c3438a6eeeaf7db4fb2
      size: 992
    hackage: amazonka-1.6.1@sha256:f58b63e83876f93aa03c54e54b3eb8ba9358af93819d41f4a5a8f8b7d8b8399c,3544
- original:
    hackage: unliftio-core-0.1.2.0@sha256:b0a7652ffce2284a6cebe05c99eb60573a8fb6631163f34b0b30a80b4a78cb23,1081
  completed:
    pantry-tree:
      sha256: 9d970bf5f98e68e8fc129b04d6c9d8eb1e641c7556ffd0f0a168a259335b6fd7
      size: 328
    hackage: unliftio-core-0.1.2.0@sha256:b0a7652ffce2284a6cebe05c99eb60573a8fb6631163f34b0b30a80b4a78cb23,1081
